// !$*UTF8*$!
{
	archiveVersion = 1;
	classes = {
	};
	objectVersion = 46;
	objects = {

/* Begin PBXBuildFile section */
		C23AD10F14ECDA3D000E132F /* AudioToolbox.framework in Frameworks */ = {isa = PBXBuildFile; fileRef = C23AD10E14ECDA3D000E132F /* AudioToolbox.framework */; };
		C23AD11114ECDAAC000E132F /* MobileCoreServices.framework in Frameworks */ = {isa = PBXBuildFile; fileRef = C23AD11014ECDAAB000E132F /* MobileCoreServices.framework */; };
		C23AD11314ECDB65000E132F /* CFNetwork.framework in Frameworks */ = {isa = PBXBuildFile; fileRef = C23AD11214ECDB65000E132F /* CFNetwork.framework */; };
		C23AD11514ECDB96000E132F /* QuartzCore.framework in Frameworks */ = {isa = PBXBuildFile; fileRef = C23AD11414ECDB96000E132F /* QuartzCore.framework */; };
		C23AD12114ECE32B000E132F /* main.m in Sources */ = {isa = PBXBuildFile; fileRef = C23AD12014ECE32B000E132F /* main.m */; };
		C26B62BF14E721B200DA49CF /* MoombaPlusController.m in Sources */ = {isa = PBXBuildFile; fileRef = C26B62BE14E721B200DA49CF /* MoombaPlusController.m */; };
		C2C3F6FF14E7230600922D72 /* RadioController.m in Sources */ = {isa = PBXBuildFile; fileRef = C2C3F6FE14E7230600922D72 /* RadioController.m */; };
		C2C3F70B14E726CF00922D72 /* IRCController.m in Sources */ = {isa = PBXBuildFile; fileRef = C2C3F70A14E726CF00922D72 /* IRCController.m */; };
		C2C3F70E14E726E300922D72 /* RSSController.m in Sources */ = {isa = PBXBuildFile; fileRef = C2C3F70D14E726E300922D72 /* RSSController.m */; };
		C2C3F71314E7389E00922D72 /* AVFoundation.framework in Frameworks */ = {isa = PBXBuildFile; fileRef = C2C3F71214E7389E00922D72 /* AVFoundation.framework */; };
		C2C3F71D14E7456B00922D72 /* MediaPlayer.framework in Frameworks */ = {isa = PBXBuildFile; fileRef = C2C3F71C14E7456B00922D72 /* MediaPlayer.framework */; };
		DE3F412614E1BB1300B12A5E /* UIKit.framework in Frameworks */ = {isa = PBXBuildFile; fileRef = DE3F412514E1BB1300B12A5E /* UIKit.framework */; };
		DE3F412814E1BB1300B12A5E /* Foundation.framework in Frameworks */ = {isa = PBXBuildFile; fileRef = DE3F412714E1BB1300B12A5E /* Foundation.framework */; };
		DE3F412A14E1BB1300B12A5E /* CoreGraphics.framework in Frameworks */ = {isa = PBXBuildFile; fileRef = DE3F412914E1BB1300B12A5E /* CoreGraphics.framework */; };
		DE3F413014E1BB1300B12A5E /* InfoPlist.strings in Resources */ = {isa = PBXBuildFile; fileRef = DE3F412E14E1BB1300B12A5E /* InfoPlist.strings */; };
		DE3F413614E1BB1400B12A5E /* AppDelegate.m in Sources */ = {isa = PBXBuildFile; fileRef = DE3F413514E1BB1400B12A5E /* AppDelegate.m */; };
		DE3F413914E1BB1400B12A5E /* MainStoryboard.storyboard in Resources */ = {isa = PBXBuildFile; fileRef = DE3F413714E1BB1400B12A5E /* MainStoryboard.storyboard */; };
		DE3F413E14E1BB1400B12A5E /* first.png in Resources */ = {isa = PBXBuildFile; fileRef = DE3F413D14E1BB1400B12A5E /* first.png */; };
		DE3F414014E1BB1400B12A5E /* first@2x.png in Resources */ = {isa = PBXBuildFile; fileRef = DE3F413F14E1BB1400B12A5E /* first@2x.png */; };
		DE3F414514E1BB1400B12A5E /* second.png in Resources */ = {isa = PBXBuildFile; fileRef = DE3F414414E1BB1400B12A5E /* second.png */; };
		DE3F414714E1BB1400B12A5E /* second@2x.png in Resources */ = {isa = PBXBuildFile; fileRef = DE3F414614E1BB1400B12A5E /* second@2x.png */; };
		DEF7C6B814ECB926000C068C /* RSSEngine.m in Sources */ = {isa = PBXBuildFile; fileRef = DEF7C6B714ECB926000C068C /* RSSEngine.m */; };
/* End PBXBuildFile section */

/* Begin PBXFileReference section */
		C23AD10E14ECDA3D000E132F /* AudioToolbox.framework */ = {isa = PBXFileReference; lastKnownFileType = wrapper.framework; name = AudioToolbox.framework; path = System/Library/Frameworks/AudioToolbox.framework; sourceTree = SDKROOT; };
		C23AD11014ECDAAB000E132F /* MobileCoreServices.framework */ = {isa = PBXFileReference; lastKnownFileType = wrapper.framework; name = MobileCoreServices.framework; path = System/Library/Frameworks/MobileCoreServices.framework; sourceTree = SDKROOT; };
		C23AD11214ECDB65000E132F /* CFNetwork.framework */ = {isa = PBXFileReference; lastKnownFileType = wrapper.framework; name = CFNetwork.framework; path = System/Library/Frameworks/CFNetwork.framework; sourceTree = SDKROOT; };
		C23AD11414ECDB96000E132F /* QuartzCore.framework */ = {isa = PBXFileReference; lastKnownFileType = wrapper.framework; name = QuartzCore.framework; path = System/Library/Frameworks/QuartzCore.framework; sourceTree = SDKROOT; };
		C23AD12014ECE32B000E132F /* main.m */ = {isa = PBXFileReference; fileEncoding = 4; lastKnownFileType = sourcecode.c.objc; path = main.m; sourceTree = "<group>"; };
		C26B62BD14E721B200DA49CF /* MoombaPlusController.h */ = {isa = PBXFileReference; fileEncoding = 4; lastKnownFileType = sourcecode.c.h; path = MoombaPlusController.h; sourceTree = "<group>"; };
		C26B62BE14E721B200DA49CF /* MoombaPlusController.m */ = {isa = PBXFileReference; fileEncoding = 4; lastKnownFileType = sourcecode.c.objc; path = MoombaPlusController.m; sourceTree = "<group>"; };
		C2C3F6FD14E7230600922D72 /* RadioController.h */ = {isa = PBXFileReference; fileEncoding = 4; lastKnownFileType = sourcecode.c.h; path = RadioController.h; sourceTree = "<group>"; };
		C2C3F6FE14E7230600922D72 /* RadioController.m */ = {isa = PBXFileReference; fileEncoding = 4; lastKnownFileType = sourcecode.c.objc; path = RadioController.m; sourceTree = "<group>"; };
		C2C3F70914E726CE00922D72 /* IRCController.h */ = {isa = PBXFileReference; fileEncoding = 4; lastKnownFileType = sourcecode.c.h; path = IRCController.h; sourceTree = "<group>"; };
		C2C3F70A14E726CF00922D72 /* IRCController.m */ = {isa = PBXFileReference; fileEncoding = 4; lastKnownFileType = sourcecode.c.objc; path = IRCController.m; sourceTree = "<group>"; };
		C2C3F70C14E726E300922D72 /* RSSController.h */ = {isa = PBXFileReference; fileEncoding = 4; lastKnownFileType = sourcecode.c.h; path = RSSController.h; sourceTree = "<group>"; };
		C2C3F70D14E726E300922D72 /* RSSController.m */ = {isa = PBXFileReference; fileEncoding = 4; lastKnownFileType = sourcecode.c.objc; path = RSSController.m; sourceTree = "<group>"; };
		C2C3F71214E7389E00922D72 /* AVFoundation.framework */ = {isa = PBXFileReference; lastKnownFileType = wrapper.framework; name = AVFoundation.framework; path = System/Library/Frameworks/AVFoundation.framework; sourceTree = SDKROOT; };
		C2C3F71C14E7456B00922D72 /* MediaPlayer.framework */ = {isa = PBXFileReference; lastKnownFileType = wrapper.framework; name = MediaPlayer.framework; path = System/Library/Frameworks/MediaPlayer.framework; sourceTree = SDKROOT; };
		DE3F412114E1BB1300B12A5E /* Moomba+.app */ = {isa = PBXFileReference; explicitFileType = wrapper.application; includeInIndex = 0; path = "Moomba+.app"; sourceTree = BUILT_PRODUCTS_DIR; };
		DE3F412514E1BB1300B12A5E /* UIKit.framework */ = {isa = PBXFileReference; lastKnownFileType = wrapper.framework; name = UIKit.framework; path = System/Library/Frameworks/UIKit.framework; sourceTree = SDKROOT; };
		DE3F412714E1BB1300B12A5E /* Foundation.framework */ = {isa = PBXFileReference; lastKnownFileType = wrapper.framework; name = Foundation.framework; path = System/Library/Frameworks/Foundation.framework; sourceTree = SDKROOT; };
		DE3F412914E1BB1300B12A5E /* CoreGraphics.framework */ = {isa = PBXFileReference; lastKnownFileType = wrapper.framework; name = CoreGraphics.framework; path = System/Library/Frameworks/CoreGraphics.framework; sourceTree = SDKROOT; };
		DE3F412D14E1BB1300B12A5E /* MoombaPlusMobile-Info.plist */ = {isa = PBXFileReference; lastKnownFileType = text.plist.xml; path = "MoombaPlusMobile-Info.plist"; sourceTree = "<group>"; };
		DE3F412F14E1BB1300B12A5E /* en */ = {isa = PBXFileReference; lastKnownFileType = text.plist.strings; name = en; path = en.lproj/InfoPlist.strings; sourceTree = "<group>"; };
		DE3F413314E1BB1400B12A5E /* MoombaPlusMobile-Prefix.pch */ = {isa = PBXFileReference; lastKnownFileType = sourcecode.c.h; path = "MoombaPlusMobile-Prefix.pch"; sourceTree = "<group>"; };
		DE3F413414E1BB1400B12A5E /* AppDelegate.h */ = {isa = PBXFileReference; lastKnownFileType = sourcecode.c.h; path = AppDelegate.h; sourceTree = "<group>"; };
		DE3F413514E1BB1400B12A5E /* AppDelegate.m */ = {isa = PBXFileReference; lastKnownFileType = sourcecode.c.objc; path = AppDelegate.m; sourceTree = "<group>"; };
		DE3F413814E1BB1400B12A5E /* en */ = {isa = PBXFileReference; lastKnownFileType = file.storyboard; name = en; path = en.lproj/MainStoryboard.storyboard; sourceTree = "<group>"; };
		DE3F413D14E1BB1400B12A5E /* first.png */ = {isa = PBXFileReference; lastKnownFileType = image.png; path = first.png; sourceTree = "<group>"; };
		DE3F413F14E1BB1400B12A5E /* first@2x.png */ = {isa = PBXFileReference; lastKnownFileType = image.png; path = "first@2x.png"; sourceTree = "<group>"; };
		DE3F414414E1BB1400B12A5E /* second.png */ = {isa = PBXFileReference; lastKnownFileType = image.png; path = second.png; sourceTree = "<group>"; };
		DE3F414614E1BB1400B12A5E /* second@2x.png */ = {isa = PBXFileReference; lastKnownFileType = image.png; path = "second@2x.png"; sourceTree = "<group>"; };
		DEF7C6B614ECB926000C068C /* RSSEngine.h */ = {isa = PBXFileReference; fileEncoding = 4; lastKnownFileType = sourcecode.c.h; path = RSSEngine.h; sourceTree = "<group>"; };
		DEF7C6B714ECB926000C068C /* RSSEngine.m */ = {isa = PBXFileReference; fileEncoding = 4; lastKnownFileType = sourcecode.c.objc; path = RSSEngine.m; sourceTree = "<group>"; };
/* End PBXFileReference section */

/* Begin PBXFrameworksBuildPhase section */
		DE3F411E14E1BB1300B12A5E /* Frameworks */ = {
			isa = PBXFrameworksBuildPhase;
			buildActionMask = 2147483647;
			files = (
				C23AD11514ECDB96000E132F /* QuartzCore.framework in Frameworks */,
				C23AD11314ECDB65000E132F /* CFNetwork.framework in Frameworks */,
				C23AD11114ECDAAC000E132F /* MobileCoreServices.framework in Frameworks */,
				C23AD10F14ECDA3D000E132F /* AudioToolbox.framework in Frameworks */,
				C2C3F71D14E7456B00922D72 /* MediaPlayer.framework in Frameworks */,
				C2C3F71314E7389E00922D72 /* AVFoundation.framework in Frameworks */,
				DE3F412614E1BB1300B12A5E /* UIKit.framework in Frameworks */,
				DE3F412814E1BB1300B12A5E /* Foundation.framework in Frameworks */,
				DE3F412A14E1BB1300B12A5E /* CoreGraphics.framework in Frameworks */,
			);
			runOnlyForDeploymentPostprocessing = 0;
		};
/* End PBXFrameworksBuildPhase section */

/* Begin PBXGroup section */
		DE3F411614E1BB1300B12A5E = {
			isa = PBXGroup;
			children = (
				DE3F412B14E1BB1300B12A5E /* MoombaPlusMobile */,
				DE3F412414E1BB1300B12A5E /* Frameworks */,
				DE3F412214E1BB1300B12A5E /* Products */,
			);
			sourceTree = "<group>";
		};
		DE3F412214E1BB1300B12A5E /* Products */ = {
			isa = PBXGroup;
			children = (
				DE3F412114E1BB1300B12A5E /* Moomba+.app */,
			);
			name = Products;
			sourceTree = "<group>";
		};
		DE3F412414E1BB1300B12A5E /* Frameworks */ = {
			isa = PBXGroup;
			children = (
				C23AD11414ECDB96000E132F /* QuartzCore.framework */,
				C23AD11214ECDB65000E132F /* CFNetwork.framework */,
				C23AD11014ECDAAB000E132F /* MobileCoreServices.framework */,
				C23AD10E14ECDA3D000E132F /* AudioToolbox.framework */,
				C2C3F71C14E7456B00922D72 /* MediaPlayer.framework */,
				C2C3F71214E7389E00922D72 /* AVFoundation.framework */,
				DE3F412514E1BB1300B12A5E /* UIKit.framework */,
				DE3F412714E1BB1300B12A5E /* Foundation.framework */,
				DE3F412914E1BB1300B12A5E /* CoreGraphics.framework */,
			);
			name = Frameworks;
			sourceTree = "<group>";
		};
		DE3F412B14E1BB1300B12A5E /* MoombaPlusMobile */ = {
			isa = PBXGroup;
			children = (
				DE3F413714E1BB1400B12A5E /* MainStoryboard.storyboard */,
				DE3F413414E1BB1400B12A5E /* AppDelegate.h */,
				DE3F413514E1BB1400B12A5E /* AppDelegate.m */,
				C26B62BD14E721B200DA49CF /* MoombaPlusController.h */,
				C26B62BE14E721B200DA49CF /* MoombaPlusController.m */,
				C2C3F6FD14E7230600922D72 /* RadioController.h */,
				C2C3F6FE14E7230600922D72 /* RadioController.m */,
				C2C3F70914E726CE00922D72 /* IRCController.h */,
				C2C3F70A14E726CF00922D72 /* IRCController.m */,
				C2C3F70C14E726E300922D72 /* RSSController.h */,
				C2C3F70D14E726E300922D72 /* RSSController.m */,
				DEF7C6B614ECB926000C068C /* RSSEngine.h */,
				DEF7C6B714ECB926000C068C /* RSSEngine.m */,
				DE3F413D14E1BB1400B12A5E /* first.png */,
				DE3F413F14E1BB1400B12A5E /* first@2x.png */,
				DE3F414414E1BB1400B12A5E /* second.png */,
				DE3F414614E1BB1400B12A5E /* second@2x.png */,
				DE3F412C14E1BB1300B12A5E /* Supporting Files */,
			);
			path = MoombaPlusMobile;
			sourceTree = "<group>";
		};
		DE3F412C14E1BB1300B12A5E /* Supporting Files */ = {
			isa = PBXGroup;
			children = (
				DE3F412D14E1BB1300B12A5E /* MoombaPlusMobile-Info.plist */,
				DE3F412E14E1BB1300B12A5E /* InfoPlist.strings */,
				C23AD12014ECE32B000E132F /* main.m */,
				DE3F413314E1BB1400B12A5E /* MoombaPlusMobile-Prefix.pch */,
			);
			name = "Supporting Files";
			sourceTree = "<group>";
		};
/* End PBXGroup section */

/* Begin PBXNativeTarget section */
		DE3F412014E1BB1300B12A5E /* Moomba+ */ = {
			isa = PBXNativeTarget;
			buildConfigurationList = DE3F414A14E1BB1400B12A5E /* Build configuration list for PBXNativeTarget "Moomba+" */;
			buildPhases = (
				DE3F411D14E1BB1300B12A5E /* Sources */,
				DE3F411E14E1BB1300B12A5E /* Frameworks */,
				DE3F411F14E1BB1300B12A5E /* Resources */,
			);
			buildRules = (
			);
			dependencies = (
			);
			name = "Moomba+";
			productName = MoombaPlusMobile;
			productReference = DE3F412114E1BB1300B12A5E /* Moomba+.app */;
			productType = "com.apple.product-type.application";
		};
/* End PBXNativeTarget section */

/* Begin PBXProject section */
		DE3F411814E1BB1300B12A5E /* Project object */ = {
			isa = PBXProject;
			attributes = {
				LastUpgradeCheck = 0420;
			};
			buildConfigurationList = DE3F411B14E1BB1300B12A5E /* Build configuration list for PBXProject "MoombaPlusMobile" */;
			compatibilityVersion = "Xcode 3.2";
			developmentRegion = English;
			hasScannedForEncodings = 0;
			knownRegions = (
				en,
			);
			mainGroup = DE3F411614E1BB1300B12A5E;
			productRefGroup = DE3F412214E1BB1300B12A5E /* Products */;
			projectDirPath = "";
			projectRoot = "";
			targets = (
				DE3F412014E1BB1300B12A5E /* Moomba+ */,
			);
		};
/* End PBXProject section */

/* Begin PBXResourcesBuildPhase section */
		DE3F411F14E1BB1300B12A5E /* Resources */ = {
			isa = PBXResourcesBuildPhase;
			buildActionMask = 2147483647;
			files = (
				DE3F413014E1BB1300B12A5E /* InfoPlist.strings in Resources */,
				DE3F413914E1BB1400B12A5E /* MainStoryboard.storyboard in Resources */,
				DE3F413E14E1BB1400B12A5E /* first.png in Resources */,
				DE3F414014E1BB1400B12A5E /* first@2x.png in Resources */,
				DE3F414514E1BB1400B12A5E /* second.png in Resources */,
				DE3F414714E1BB1400B12A5E /* second@2x.png in Resources */,
			);
			runOnlyForDeploymentPostprocessing = 0;
		};
/* End PBXResourcesBuildPhase section */

/* Begin PBXSourcesBuildPhase section */
		DE3F411D14E1BB1300B12A5E /* Sources */ = {
			isa = PBXSourcesBuildPhase;
			buildActionMask = 2147483647;
			files = (
				DE3F413614E1BB1400B12A5E /* AppDelegate.m in Sources */,
				C26B62BF14E721B200DA49CF /* MoombaPlusController.m in Sources */,
				C2C3F6FF14E7230600922D72 /* RadioController.m in Sources */,
				C2C3F70B14E726CF00922D72 /* IRCController.m in Sources */,
				C2C3F70E14E726E300922D72 /* RSSController.m in Sources */,
				DEF7C6B814ECB926000C068C /* RSSEngine.m in Sources */,
			);
			runOnlyForDeploymentPostprocessing = 0;
		};
/* End PBXSourcesBuildPhase section */

/* Begin PBXVariantGroup section */
		DE3F412E14E1BB1300B12A5E /* InfoPlist.strings */ = {
			isa = PBXVariantGroup;
			children = (
				DE3F412F14E1BB1300B12A5E /* en */,
			);
			name = InfoPlist.strings;
			sourceTree = "<group>";
		};
		DE3F413714E1BB1400B12A5E /* MainStoryboard.storyboard */ = {
			isa = PBXVariantGroup;
			children = (
				DE3F413814E1BB1400B12A5E /* en */,
			);
			name = MainStoryboard.storyboard;
			sourceTree = "<group>";
		};
/* End PBXVariantGroup section */

/* Begin XCBuildConfiguration section */
		DE3F414814E1BB1400B12A5E /* Debug */ = {
			isa = XCBuildConfiguration;
			buildSettings = {
				ALWAYS_SEARCH_USER_PATHS = NO;
				ARCHS = "$(ARCHS_STANDARD_32_BIT)";
				CLANG_ENABLE_OBJC_ARC = YES;
				"CODE_SIGN_IDENTITY[sdk=iphoneos*]" = "iPhone Developer";
				COPY_PHASE_STRIP = NO;
				GCC_C_LANGUAGE_STANDARD = gnu99;
				GCC_DYNAMIC_NO_PIC = NO;
				GCC_OPTIMIZATION_LEVEL = 0;
				GCC_PREPROCESSOR_DEFINITIONS = (
					"DEBUG=1",
					"$(inherited)",
				);
				GCC_SYMBOLS_PRIVATE_EXTERN = NO;
				GCC_VERSION = com.apple.compilers.llvm.clang.1_0;
				GCC_WARN_ABOUT_MISSING_PROTOTYPES = YES;
				GCC_WARN_ABOUT_RETURN_TYPE = YES;
				GCC_WARN_UNUSED_VARIABLE = YES;
				IPHONEOS_DEPLOYMENT_TARGET = 5.0;
				SDKROOT = iphoneos;
			};
			name = Debug;
		};
		DE3F414914E1BB1400B12A5E /* Release */ = {
			isa = XCBuildConfiguration;
			buildSettings = {
				ALWAYS_SEARCH_USER_PATHS = NO;
				ARCHS = "$(ARCHS_STANDARD_32_BIT)";
				CLANG_ENABLE_OBJC_ARC = YES;
				"CODE_SIGN_IDENTITY[sdk=iphoneos*]" = "iPhone Developer";
				COPY_PHASE_STRIP = YES;
				GCC_C_LANGUAGE_STANDARD = gnu99;
				GCC_VERSION = com.apple.compilers.llvm.clang.1_0;
				GCC_WARN_ABOUT_MISSING_PROTOTYPES = YES;
				GCC_WARN_ABOUT_RETURN_TYPE = YES;
				GCC_WARN_UNUSED_VARIABLE = YES;
				IPHONEOS_DEPLOYMENT_TARGET = 5.0;
				OTHER_CFLAGS = "-DNS_BLOCK_ASSERTIONS=1";
				SDKROOT = iphoneos;
				VALIDATE_PRODUCT = YES;
			};
			name = Release;
		};
		DE3F414B14E1BB1400B12A5E /* Debug */ = {
			isa = XCBuildConfiguration;
			buildSettings = {
				GCC_PRECOMPILE_PREFIX_HEADER = YES;
				GCC_PREFIX_HEADER = "MoombaPlusMobile/MoombaPlusMobile-Prefix.pch";
				INFOPLIST_FILE = "MoombaPlusMobile/MoombaPlusMobile-Info.plist";
				PRODUCT_NAME = "$(TARGET_NAME)";
				WRAPPER_EXTENSION = app;
			};
			name = Debug;
		};
		DE3F414C14E1BB1400B12A5E /* Release */ = {
			isa = XCBuildConfiguration;
			buildSettings = {
				GCC_PRECOMPILE_PREFIX_HEADER = YES;
				GCC_PREFIX_HEADER = "MoombaPlusMobile/MoombaPlusMobile-Prefix.pch";
				INFOPLIST_FILE = "MoombaPlusMobile/MoombaPlusMobile-Info.plist";
				PRODUCT_NAME = "$(TARGET_NAME)";
				WRAPPER_EXTENSION = app;
			};
			name = Release;
		};
/* End XCBuildConfiguration section */

/* Begin XCConfigurationList section */
		DE3F411B14E1BB1300B12A5E /* Build configuration list for PBXProject "MoombaPlusMobile" */ = {
			isa = XCConfigurationList;
			buildConfigurations = (
				DE3F414814E1BB1400B12A5E /* Debug */,
				DE3F414914E1BB1400B12A5E /* Release */,
			);
			defaultConfigurationIsVisible = 0;
			defaultConfigurationName = Release;
		};
		DE3F414A14E1BB1400B12A5E /* Build configuration list for PBXNativeTarget "Moomba+" */ = {
			isa = XCConfigurationList;
			buildConfigurations = (
				DE3F414B14E1BB1400B12A5E /* Debug */,
				DE3F414C14E1BB1400B12A5E /* Release */,
			);
			defaultConfigurationIsVisible = 0;
			defaultConfigurationName = Release;
		};
/* End XCConfigurationList section */
	};
	rootObject = DE3F411814E1BB1300B12A5E /* Project object */;
}
