// !$*UTF8*$!
{
	archiveVersion = 1;
	classes = {
	};
	objectVersion = 46;
	objects = {

/* Begin PBXBuildFile section */
		C23AD10F14ECDA3D000E132F /* AudioToolbox.framework in Frameworks */ = {isa = PBXBuildFile; fileRef = C23AD10E14ECDA3D000E132F /* AudioToolbox.framework */; };
		C23AD11114ECDAAC000E132F /* MobileCoreServices.framework in Frameworks */ = {isa = PBXBuildFile; fileRef = C23AD11014ECDAAB000E132F /* MobileCoreServices.framework */; };
		C23AD11314ECDB65000E132F /* CFNetwork.framework in Frameworks */ = {isa = PBXBuildFile; fileRef = C23AD11214ECDB65000E132F /* CFNetwork.framework */; };
		C23AD11514ECDB96000E132F /* QuartzCore.framework in Frameworks */ = {isa = PBXBuildFile; fileRef = C23AD11414ECDB96000E132F /* QuartzCore.framework */; };
		C23AD12114ECE32B000E132F /* main.m in Sources */ = {isa = PBXBuildFile; fileRef = C23AD12014ECE32B000E132F /* main.m */; };
		C2A3390515004B0500B5DB0D /* MoombaPlusController.m in Sources */ = {isa = PBXBuildFile; fileRef = C2A3390415004B0500B5DB0D /* MoombaPlusController.m */; };
		C2C3F6FF14E7230600922D72 /* RadioController.m in Sources */ = {isa = PBXBuildFile; fileRef = C2C3F6FE14E7230600922D72 /* RadioController.m */; };
		C2C3F70B14E726CF00922D72 /* IRCController.m in Sources */ = {isa = PBXBuildFile; fileRef = C2C3F70A14E726CF00922D72 /* IRCController.m */; };
		C2C3F70E14E726E300922D72 /* RSSController.m in Sources */ = {isa = PBXBuildFile; fileRef = C2C3F70D14E726E300922D72 /* RSSController.m */; };
		C2C3F71314E7389E00922D72 /* AVFoundation.framework in Frameworks */ = {isa = PBXBuildFile; fileRef = C2C3F71214E7389E00922D72 /* AVFoundation.framework */; };
		C2C3F71D14E7456B00922D72 /* MediaPlayer.framework in Frameworks */ = {isa = PBXBuildFile; fileRef = C2C3F71C14E7456B00922D72 /* MediaPlayer.framework */; };
		C2F86DFE150970BE0074DC94 /* libfacebook_ios_sdk.a in Frameworks */ = {isa = PBXBuildFile; fileRef = C2F86DEF150970BE0074DC94 /* libfacebook_ios_sdk.a */; };
		C2F86DFF150970BE0074DC94 /* FBDialog.bundle in Resources */ = {isa = PBXBuildFile; fileRef = C2F86DFD150970BE0074DC94 /* FBDialog.bundle */; };
		DE01564314EFA8780060CE19 /* ASIAuthenticationDialog.m in Sources */ = {isa = PBXBuildFile; fileRef = DE01562F14EFA8780060CE19 /* ASIAuthenticationDialog.m */; settings = {COMPILER_FLAGS = "-fno-objc-arc"; }; };
		DE01564414EFA8780060CE19 /* ASIDataCompressor.m in Sources */ = {isa = PBXBuildFile; fileRef = DE01563214EFA8780060CE19 /* ASIDataCompressor.m */; settings = {COMPILER_FLAGS = "-fno-objc-arc"; }; };
		DE01564514EFA8780060CE19 /* ASIDataDecompressor.m in Sources */ = {isa = PBXBuildFile; fileRef = DE01563414EFA8780060CE19 /* ASIDataDecompressor.m */; settings = {COMPILER_FLAGS = "-fno-objc-arc"; }; };
		DE01564614EFA8780060CE19 /* ASIDownloadCache.m in Sources */ = {isa = PBXBuildFile; fileRef = DE01563614EFA8780060CE19 /* ASIDownloadCache.m */; settings = {COMPILER_FLAGS = "-fno-objc-arc"; }; };
		DE01564714EFA8780060CE19 /* ASIFormDataRequest.m in Sources */ = {isa = PBXBuildFile; fileRef = DE01563814EFA8780060CE19 /* ASIFormDataRequest.m */; settings = {COMPILER_FLAGS = "-fno-objc-arc"; }; };
		DE01564814EFA8780060CE19 /* ASIHTTPRequest.m in Sources */ = {isa = PBXBuildFile; fileRef = DE01563B14EFA8780060CE19 /* ASIHTTPRequest.m */; settings = {COMPILER_FLAGS = "-fno-objc-arc"; }; };
		DE01564914EFA8780060CE19 /* ASIInputStream.m in Sources */ = {isa = PBXBuildFile; fileRef = DE01563F14EFA8780060CE19 /* ASIInputStream.m */; settings = {COMPILER_FLAGS = "-fno-objc-arc"; }; };
		DE01564A14EFA8780060CE19 /* ASINetworkQueue.m in Sources */ = {isa = PBXBuildFile; fileRef = DE01564114EFA8780060CE19 /* ASINetworkQueue.m */; settings = {COMPILER_FLAGS = "-fno-objc-arc"; }; };
		DE01564D14EFA8A30060CE19 /* Reachability.m in Sources */ = {isa = PBXBuildFile; fileRef = DE01564C14EFA8A30060CE19 /* Reachability.m */; settings = {COMPILER_FLAGS = "-fno-objc-arc"; }; };
		DE01564F14EFA9450060CE19 /* libz.1.2.5.dylib in Frameworks */ = {isa = PBXBuildFile; fileRef = DE01564E14EFA9450060CE19 /* libz.1.2.5.dylib */; };
		DE01565114EFA9550060CE19 /* SystemConfiguration.framework in Frameworks */ = {isa = PBXBuildFile; fileRef = DE01565014EFA9550060CE19 /* SystemConfiguration.framework */; };
		DE0514F114F1BDDD00616788 /* icon.png in Resources */ = {isa = PBXBuildFile; fileRef = DE0514F014F1BDDD00616788 /* icon.png */; };
		DE242B5014F17E7D00B3F902 /* SingeFeed.m in Sources */ = {isa = PBXBuildFile; fileRef = DE242B4F14F17E7D00B3F902 /* SingeFeed.m */; };
		DE242B5314F17F1A00B3F902 /* ManyFeeds.m in Sources */ = {isa = PBXBuildFile; fileRef = DE242B5214F17F1A00B3F902 /* ManyFeeds.m */; };
		DE3F412614E1BB1300B12A5E /* UIKit.framework in Frameworks */ = {isa = PBXBuildFile; fileRef = DE3F412514E1BB1300B12A5E /* UIKit.framework */; };
		DE3F412814E1BB1300B12A5E /* Foundation.framework in Frameworks */ = {isa = PBXBuildFile; fileRef = DE3F412714E1BB1300B12A5E /* Foundation.framework */; settings = {ATTRIBUTES = (Required, ); }; };
		DE3F412A14E1BB1300B12A5E /* CoreGraphics.framework in Frameworks */ = {isa = PBXBuildFile; fileRef = DE3F412914E1BB1300B12A5E /* CoreGraphics.framework */; };
		DE3F413014E1BB1300B12A5E /* InfoPlist.strings in Resources */ = {isa = PBXBuildFile; fileRef = DE3F412E14E1BB1300B12A5E /* InfoPlist.strings */; };
		DE3F413614E1BB1400B12A5E /* AppDelegate.m in Sources */ = {isa = PBXBuildFile; fileRef = DE3F413514E1BB1400B12A5E /* AppDelegate.m */; };
		DE3F413914E1BB1400B12A5E /* MainStoryboard.storyboard in Resources */ = {isa = PBXBuildFile; fileRef = DE3F413714E1BB1400B12A5E /* MainStoryboard.storyboard */; };
		DE3F413E14E1BB1400B12A5E /* first.png in Resources */ = {isa = PBXBuildFile; fileRef = DE3F413D14E1BB1400B12A5E /* first.png */; };
		DE3F414014E1BB1400B12A5E /* first@2x.png in Resources */ = {isa = PBXBuildFile; fileRef = DE3F413F14E1BB1400B12A5E /* first@2x.png */; };
		DE3F414514E1BB1400B12A5E /* second.png in Resources */ = {isa = PBXBuildFile; fileRef = DE3F414414E1BB1400B12A5E /* second.png */; };
		DE3F414714E1BB1400B12A5E /* second@2x.png in Resources */ = {isa = PBXBuildFile; fileRef = DE3F414614E1BB1400B12A5E /* second@2x.png */; };
		DEBEC63914EDD83200FD52E8 /* RSSEntry.m in Sources */ = {isa = PBXBuildFile; fileRef = DEBEC63814EDD83200FD52E8 /* RSSEntry.m */; };
		DEE33B6B14F1BEF30043C5FA /* icon@2x.png in Resources */ = {isa = PBXBuildFile; fileRef = DEE33B6A14F1BEF30043C5FA /* icon@2x.png */; };
		DEE33B6D14F1BF0B0043C5FA /* Default.png in Resources */ = {isa = PBXBuildFile; fileRef = DEE33B6C14F1BF0B0043C5FA /* Default.png */; };
		DEE33B6F14F1BF1C0043C5FA /* Default@2x.png in Resources */ = {isa = PBXBuildFile; fileRef = DEE33B6E14F1BF1C0043C5FA /* Default@2x.png */; };
		DEE33B7314F1DE380043C5FA /* GDataXMLNode.m in Sources */ = {isa = PBXBuildFile; fileRef = DEE33B7214F1DE380043C5FA /* GDataXMLNode.m */; settings = {COMPILER_FLAGS = "-fno-objc-arc"; }; };
		DEE33B7614F1E1A90043C5FA /* GDataXMLElement-Extras.m in Sources */ = {isa = PBXBuildFile; fileRef = DEE33B7514F1E1A90043C5FA /* GDataXMLElement-Extras.m */; };
		DEF7C6B814ECB926000C068C /* RSSEngine.m in Sources */ = {isa = PBXBuildFile; fileRef = DEF7C6B714ECB926000C068C /* RSSEngine.m */; };
/* End PBXBuildFile section */

/* Begin PBXFileReference section */
		C23AD10E14ECDA3D000E132F /* AudioToolbox.framework */ = {isa = PBXFileReference; lastKnownFileType = wrapper.framework; name = AudioToolbox.framework; path = System/Library/Frameworks/AudioToolbox.framework; sourceTree = SDKROOT; };
		C23AD11014ECDAAB000E132F /* MobileCoreServices.framework */ = {isa = PBXFileReference; lastKnownFileType = wrapper.framework; name = MobileCoreServices.framework; path = System/Library/Frameworks/MobileCoreServices.framework; sourceTree = SDKROOT; };
		C23AD11214ECDB65000E132F /* CFNetwork.framework */ = {isa = PBXFileReference; lastKnownFileType = wrapper.framework; name = CFNetwork.framework; path = System/Library/Frameworks/CFNetwork.framework; sourceTree = SDKROOT; };
		C23AD11414ECDB96000E132F /* QuartzCore.framework */ = {isa = PBXFileReference; lastKnownFileType = wrapper.framework; name = QuartzCore.framework; path = System/Library/Frameworks/QuartzCore.framework; sourceTree = SDKROOT; };
		C23AD12014ECE32B000E132F /* main.m */ = {isa = PBXFileReference; fileEncoding = 4; lastKnownFileType = sourcecode.c.objc; path = main.m; sourceTree = "<group>"; };
		C2A3390315004B0500B5DB0D /* MoombaPlusController.h */ = {isa = PBXFileReference; fileEncoding = 4; lastKnownFileType = sourcecode.c.h; path = MoombaPlusController.h; sourceTree = "<group>"; };
		C2A3390415004B0500B5DB0D /* MoombaPlusController.m */ = {isa = PBXFileReference; fileEncoding = 4; lastKnownFileType = sourcecode.c.objc; path = MoombaPlusController.m; sourceTree = "<group>"; };
		C2C3F6FD14E7230600922D72 /* RadioController.h */ = {isa = PBXFileReference; fileEncoding = 4; lastKnownFileType = sourcecode.c.h; path = RadioController.h; sourceTree = "<group>"; };
		C2C3F6FE14E7230600922D72 /* RadioController.m */ = {isa = PBXFileReference; fileEncoding = 4; lastKnownFileType = sourcecode.c.objc; path = RadioController.m; sourceTree = "<group>"; };
		C2C3F70914E726CE00922D72 /* IRCController.h */ = {isa = PBXFileReference; fileEncoding = 4; lastKnownFileType = sourcecode.c.h; path = IRCController.h; sourceTree = "<group>"; };
		C2C3F70A14E726CF00922D72 /* IRCController.m */ = {isa = PBXFileReference; fileEncoding = 4; lastKnownFileType = sourcecode.c.objc; path = IRCController.m; sourceTree = "<group>"; };
		C2C3F70C14E726E300922D72 /* RSSController.h */ = {isa = PBXFileReference; fileEncoding = 4; lastKnownFileType = sourcecode.c.h; path = RSSController.h; sourceTree = "<group>"; };
		C2C3F70D14E726E300922D72 /* RSSController.m */ = {isa = PBXFileReference; fileEncoding = 4; lastKnownFileType = sourcecode.c.objc; path = RSSController.m; sourceTree = "<group>"; };
		C2C3F71214E7389E00922D72 /* AVFoundation.framework */ = {isa = PBXFileReference; lastKnownFileType = wrapper.framework; name = AVFoundation.framework; path = System/Library/Frameworks/AVFoundation.framework; sourceTree = SDKROOT; };
		C2C3F71C14E7456B00922D72 /* MediaPlayer.framework */ = {isa = PBXFileReference; lastKnownFileType = wrapper.framework; name = MediaPlayer.framework; path = System/Library/Frameworks/MediaPlayer.framework; sourceTree = SDKROOT; };
		C2F86DEF150970BE0074DC94 /* libfacebook_ios_sdk.a */ = {isa = PBXFileReference; lastKnownFileType = archive.ar; path = libfacebook_ios_sdk.a; sourceTree = "<group>"; };
		C2F86DF0150970BE0074DC94 /* FBConnect.h */ = {isa = PBXFileReference; fileEncoding = 4; lastKnownFileType = sourcecode.c.h; path = FBConnect.h; sourceTree = "<group>"; };
		C2F86DF1150970BE0074DC94 /* FBDialog.h */ = {isa = PBXFileReference; fileEncoding = 4; lastKnownFileType = sourcecode.c.h; path = FBDialog.h; sourceTree = "<group>"; };
		C2F86DF2150970BE0074DC94 /* FBFrictionlessRequestSettings.h */ = {isa = PBXFileReference; fileEncoding = 4; lastKnownFileType = sourcecode.c.h; path = FBFrictionlessRequestSettings.h; sourceTree = "<group>"; };
		C2F86DF3150970BE0074DC94 /* FBLoginDialog.h */ = {isa = PBXFileReference; fileEncoding = 4; lastKnownFileType = sourcecode.c.h; path = FBLoginDialog.h; sourceTree = "<group>"; };
		C2F86DF4150970BE0074DC94 /* FBRequest.h */ = {isa = PBXFileReference; fileEncoding = 4; lastKnownFileType = sourcecode.c.h; path = FBRequest.h; sourceTree = "<group>"; };
		C2F86DF5150970BE0074DC94 /* Facebook.h */ = {isa = PBXFileReference; fileEncoding = 4; lastKnownFileType = sourcecode.c.h; path = Facebook.h; sourceTree = "<group>"; };
		C2F86DF6150970BE0074DC94 /* JSON.h */ = {isa = PBXFileReference; fileEncoding = 4; lastKnownFileType = sourcecode.c.h; path = JSON.h; sourceTree = "<group>"; };
		C2F86DF7150970BE0074DC94 /* NSObject+SBJSON.h */ = {isa = PBXFileReference; fileEncoding = 4; lastKnownFileType = sourcecode.c.h; path = "NSObject+SBJSON.h"; sourceTree = "<group>"; };
		C2F86DF8150970BE0074DC94 /* NSString+SBJSON.h */ = {isa = PBXFileReference; fileEncoding = 4; lastKnownFileType = sourcecode.c.h; path = "NSString+SBJSON.h"; sourceTree = "<group>"; };
		C2F86DF9150970BE0074DC94 /* SBJSON.h */ = {isa = PBXFileReference; fileEncoding = 4; lastKnownFileType = sourcecode.c.h; path = SBJSON.h; sourceTree = "<group>"; };
		C2F86DFA150970BE0074DC94 /* SBJsonBase.h */ = {isa = PBXFileReference; fileEncoding = 4; lastKnownFileType = sourcecode.c.h; path = SBJsonBase.h; sourceTree = "<group>"; };
		C2F86DFB150970BE0074DC94 /* SBJsonParser.h */ = {isa = PBXFileReference; fileEncoding = 4; lastKnownFileType = sourcecode.c.h; path = SBJsonParser.h; sourceTree = "<group>"; };
		C2F86DFC150970BE0074DC94 /* SBJsonWriter.h */ = {isa = PBXFileReference; fileEncoding = 4; lastKnownFileType = sourcecode.c.h; path = SBJsonWriter.h; sourceTree = "<group>"; };
		C2F86DFD150970BE0074DC94 /* FBDialog.bundle */ = {isa = PBXFileReference; lastKnownFileType = "wrapper.plug-in"; path = FBDialog.bundle; sourceTree = "<group>"; };
		DE01562E14EFA8780060CE19 /* ASIAuthenticationDialog.h */ = {isa = PBXFileReference; fileEncoding = 4; lastKnownFileType = sourcecode.c.h; path = ASIAuthenticationDialog.h; sourceTree = "<group>"; };
		DE01562F14EFA8780060CE19 /* ASIAuthenticationDialog.m */ = {isa = PBXFileReference; fileEncoding = 4; lastKnownFileType = sourcecode.c.objc; path = ASIAuthenticationDialog.m; sourceTree = "<group>"; };
		DE01563014EFA8780060CE19 /* ASICacheDelegate.h */ = {isa = PBXFileReference; fileEncoding = 4; lastKnownFileType = sourcecode.c.h; path = ASICacheDelegate.h; sourceTree = "<group>"; };
		DE01563114EFA8780060CE19 /* ASIDataCompressor.h */ = {isa = PBXFileReference; fileEncoding = 4; lastKnownFileType = sourcecode.c.h; path = ASIDataCompressor.h; sourceTree = "<group>"; };
		DE01563214EFA8780060CE19 /* ASIDataCompressor.m */ = {isa = PBXFileReference; fileEncoding = 4; lastKnownFileType = sourcecode.c.objc; path = ASIDataCompressor.m; sourceTree = "<group>"; };
		DE01563314EFA8780060CE19 /* ASIDataDecompressor.h */ = {isa = PBXFileReference; fileEncoding = 4; lastKnownFileType = sourcecode.c.h; path = ASIDataDecompressor.h; sourceTree = "<group>"; };
		DE01563414EFA8780060CE19 /* ASIDataDecompressor.m */ = {isa = PBXFileReference; fileEncoding = 4; lastKnownFileType = sourcecode.c.objc; path = ASIDataDecompressor.m; sourceTree = "<group>"; };
		DE01563514EFA8780060CE19 /* ASIDownloadCache.h */ = {isa = PBXFileReference; fileEncoding = 4; lastKnownFileType = sourcecode.c.h; path = ASIDownloadCache.h; sourceTree = "<group>"; };
		DE01563614EFA8780060CE19 /* ASIDownloadCache.m */ = {isa = PBXFileReference; fileEncoding = 4; lastKnownFileType = sourcecode.c.objc; path = ASIDownloadCache.m; sourceTree = "<group>"; };
		DE01563714EFA8780060CE19 /* ASIFormDataRequest.h */ = {isa = PBXFileReference; fileEncoding = 4; lastKnownFileType = sourcecode.c.h; path = ASIFormDataRequest.h; sourceTree = "<group>"; };
		DE01563814EFA8780060CE19 /* ASIFormDataRequest.m */ = {isa = PBXFileReference; fileEncoding = 4; lastKnownFileType = sourcecode.c.objc; path = ASIFormDataRequest.m; sourceTree = "<group>"; };
		DE01563A14EFA8780060CE19 /* ASIHTTPRequest.h */ = {isa = PBXFileReference; fileEncoding = 4; lastKnownFileType = sourcecode.c.h; path = ASIHTTPRequest.h; sourceTree = "<group>"; };
		DE01563B14EFA8780060CE19 /* ASIHTTPRequest.m */ = {isa = PBXFileReference; fileEncoding = 4; lastKnownFileType = sourcecode.c.objc; path = ASIHTTPRequest.m; sourceTree = "<group>"; };
		DE01563C14EFA8780060CE19 /* ASIHTTPRequestConfig.h */ = {isa = PBXFileReference; fileEncoding = 4; lastKnownFileType = sourcecode.c.h; path = ASIHTTPRequestConfig.h; sourceTree = "<group>"; };
		DE01563D14EFA8780060CE19 /* ASIHTTPRequestDelegate.h */ = {isa = PBXFileReference; fileEncoding = 4; lastKnownFileType = sourcecode.c.h; path = ASIHTTPRequestDelegate.h; sourceTree = "<group>"; };
		DE01563E14EFA8780060CE19 /* ASIInputStream.h */ = {isa = PBXFileReference; fileEncoding = 4; lastKnownFileType = sourcecode.c.h; path = ASIInputStream.h; sourceTree = "<group>"; };
		DE01563F14EFA8780060CE19 /* ASIInputStream.m */ = {isa = PBXFileReference; fileEncoding = 4; lastKnownFileType = sourcecode.c.objc; path = ASIInputStream.m; sourceTree = "<group>"; };
		DE01564014EFA8780060CE19 /* ASINetworkQueue.h */ = {isa = PBXFileReference; fileEncoding = 4; lastKnownFileType = sourcecode.c.h; path = ASINetworkQueue.h; sourceTree = "<group>"; };
		DE01564114EFA8780060CE19 /* ASINetworkQueue.m */ = {isa = PBXFileReference; fileEncoding = 4; lastKnownFileType = sourcecode.c.objc; path = ASINetworkQueue.m; sourceTree = "<group>"; };
		DE01564214EFA8780060CE19 /* ASIProgressDelegate.h */ = {isa = PBXFileReference; fileEncoding = 4; lastKnownFileType = sourcecode.c.h; path = ASIProgressDelegate.h; sourceTree = "<group>"; };
		DE01564B14EFA8A30060CE19 /* Reachability.h */ = {isa = PBXFileReference; fileEncoding = 4; lastKnownFileType = sourcecode.c.h; path = Reachability.h; sourceTree = "<group>"; };
		DE01564C14EFA8A30060CE19 /* Reachability.m */ = {isa = PBXFileReference; fileEncoding = 4; lastKnownFileType = sourcecode.c.objc; path = Reachability.m; sourceTree = "<group>"; };
		DE01564E14EFA9450060CE19 /* libz.1.2.5.dylib */ = {isa = PBXFileReference; lastKnownFileType = "compiled.mach-o.dylib"; name = libz.1.2.5.dylib; path = usr/lib/libz.1.2.5.dylib; sourceTree = SDKROOT; };
		DE01565014EFA9550060CE19 /* SystemConfiguration.framework */ = {isa = PBXFileReference; lastKnownFileType = wrapper.framework; name = SystemConfiguration.framework; path = System/Library/Frameworks/SystemConfiguration.framework; sourceTree = SDKROOT; };
		DE0514F014F1BDDD00616788 /* icon.png */ = {isa = PBXFileReference; lastKnownFileType = image.png; path = icon.png; sourceTree = "<group>"; };
		DE242B4E14F17E7D00B3F902 /* SingeFeed.h */ = {isa = PBXFileReference; fileEncoding = 4; lastKnownFileType = sourcecode.c.h; path = SingeFeed.h; sourceTree = "<group>"; };
		DE242B4F14F17E7D00B3F902 /* SingeFeed.m */ = {isa = PBXFileReference; fileEncoding = 4; lastKnownFileType = sourcecode.c.objc; path = SingeFeed.m; sourceTree = "<group>"; };
		DE242B5114F17F1A00B3F902 /* ManyFeeds.h */ = {isa = PBXFileReference; fileEncoding = 4; lastKnownFileType = sourcecode.c.h; path = ManyFeeds.h; sourceTree = "<group>"; };
		DE242B5214F17F1A00B3F902 /* ManyFeeds.m */ = {isa = PBXFileReference; fileEncoding = 4; lastKnownFileType = sourcecode.c.objc; path = ManyFeeds.m; sourceTree = "<group>"; };
		DE3F412114E1BB1300B12A5E /* Moomba+.app */ = {isa = PBXFileReference; explicitFileType = wrapper.application; includeInIndex = 0; path = "Moomba+.app"; sourceTree = BUILT_PRODUCTS_DIR; };
		DE3F412514E1BB1300B12A5E /* UIKit.framework */ = {isa = PBXFileReference; lastKnownFileType = wrapper.framework; name = UIKit.framework; path = System/Library/Frameworks/UIKit.framework; sourceTree = SDKROOT; };
		DE3F412714E1BB1300B12A5E /* Foundation.framework */ = {isa = PBXFileReference; lastKnownFileType = wrapper.framework; name = Foundation.framework; path = System/Library/Frameworks/Foundation.framework; sourceTree = SDKROOT; };
		DE3F412914E1BB1300B12A5E /* CoreGraphics.framework */ = {isa = PBXFileReference; lastKnownFileType = wrapper.framework; name = CoreGraphics.framework; path = System/Library/Frameworks/CoreGraphics.framework; sourceTree = SDKROOT; };
		DE3F412D14E1BB1300B12A5E /* MoombaPlusMobile-Info.plist */ = {isa = PBXFileReference; lastKnownFileType = text.plist.xml; path = "MoombaPlusMobile-Info.plist"; sourceTree = "<group>"; };
		DE3F412F14E1BB1300B12A5E /* en */ = {isa = PBXFileReference; lastKnownFileType = text.plist.strings; name = en; path = en.lproj/InfoPlist.strings; sourceTree = "<group>"; };
		DE3F413314E1BB1400B12A5E /* MoombaPlusMobile-Prefix.pch */ = {isa = PBXFileReference; lastKnownFileType = sourcecode.c.h; path = "MoombaPlusMobile-Prefix.pch"; sourceTree = "<group>"; };
		DE3F413414E1BB1400B12A5E /* AppDelegate.h */ = {isa = PBXFileReference; lastKnownFileType = sourcecode.c.h; path = AppDelegate.h; sourceTree = "<group>"; };
		DE3F413514E1BB1400B12A5E /* AppDelegate.m */ = {isa = PBXFileReference; lastKnownFileType = sourcecode.c.objc; path = AppDelegate.m; sourceTree = "<group>"; };
		DE3F413814E1BB1400B12A5E /* en */ = {isa = PBXFileReference; lastKnownFileType = file.storyboard; name = en; path = en.lproj/MainStoryboard.storyboard; sourceTree = "<group>"; };
		DE3F413D14E1BB1400B12A5E /* first.png */ = {isa = PBXFileReference; lastKnownFileType = image.png; path = first.png; sourceTree = "<group>"; };
		DE3F413F14E1BB1400B12A5E /* first@2x.png */ = {isa = PBXFileReference; lastKnownFileType = image.png; path = "first@2x.png"; sourceTree = "<group>"; };
		DE3F414414E1BB1400B12A5E /* second.png */ = {isa = PBXFileReference; lastKnownFileType = image.png; path = second.png; sourceTree = "<group>"; };
		DE3F414614E1BB1400B12A5E /* second@2x.png */ = {isa = PBXFileReference; lastKnownFileType = image.png; path = "second@2x.png"; sourceTree = "<group>"; };
		DEBEC63714EDD83200FD52E8 /* RSSEntry.h */ = {isa = PBXFileReference; fileEncoding = 4; lastKnownFileType = sourcecode.c.h; path = RSSEntry.h; sourceTree = "<group>"; };
		DEBEC63814EDD83200FD52E8 /* RSSEntry.m */ = {isa = PBXFileReference; fileEncoding = 4; lastKnownFileType = sourcecode.c.objc; path = RSSEntry.m; sourceTree = "<group>"; };
		DEE33B6A14F1BEF30043C5FA /* icon@2x.png */ = {isa = PBXFileReference; lastKnownFileType = image.png; name = "icon@2x.png"; path = "../icon@2x.png"; sourceTree = "<group>"; };
		DEE33B6C14F1BF0B0043C5FA /* Default.png */ = {isa = PBXFileReference; lastKnownFileType = image.png; name = Default.png; path = ../Default.png; sourceTree = "<group>"; };
		DEE33B6E14F1BF1C0043C5FA /* Default@2x.png */ = {isa = PBXFileReference; lastKnownFileType = image.png; name = "Default@2x.png"; path = "../Default@2x.png"; sourceTree = "<group>"; };
		DEE33B7114F1DE380043C5FA /* GDataXMLNode.h */ = {isa = PBXFileReference; fileEncoding = 4; lastKnownFileType = sourcecode.c.h; name = GDataXMLNode.h; path = GDataXML/GDataXMLNode.h; sourceTree = "<group>"; };
		DEE33B7214F1DE380043C5FA /* GDataXMLNode.m */ = {isa = PBXFileReference; fileEncoding = 4; lastKnownFileType = sourcecode.c.objc; name = GDataXMLNode.m; path = GDataXML/GDataXMLNode.m; sourceTree = "<group>"; };
		DEE33B7414F1E1A90043C5FA /* GDataXMLElement-Extras.h */ = {isa = PBXFileReference; fileEncoding = 4; lastKnownFileType = sourcecode.c.h; name = "GDataXMLElement-Extras.h"; path = "GDataXML/GDataXMLElement-Extras.h"; sourceTree = "<group>"; };
		DEE33B7514F1E1A90043C5FA /* GDataXMLElement-Extras.m */ = {isa = PBXFileReference; fileEncoding = 4; lastKnownFileType = sourcecode.c.objc; name = "GDataXMLElement-Extras.m"; path = "GDataXML/GDataXMLElement-Extras.m"; sourceTree = "<group>"; };
		DEF7C6B614ECB926000C068C /* RSSEngine.h */ = {isa = PBXFileReference; fileEncoding = 4; lastKnownFileType = sourcecode.c.h; path = RSSEngine.h; sourceTree = "<group>"; };
		DEF7C6B714ECB926000C068C /* RSSEngine.m */ = {isa = PBXFileReference; fileEncoding = 4; lastKnownFileType = sourcecode.c.objc; path = RSSEngine.m; sourceTree = "<group>"; };
/* End PBXFileReference section */

/* Begin PBXFrameworksBuildPhase section */
		DE3F411E14E1BB1300B12A5E /* Frameworks */ = {
			isa = PBXFrameworksBuildPhase;
			buildActionMask = 2147483647;
			files = (
				DE01564F14EFA9450060CE19 /* libz.1.2.5.dylib in Frameworks */,
				DE01565114EFA9550060CE19 /* SystemConfiguration.framework in Frameworks */,
				C23AD11514ECDB96000E132F /* QuartzCore.framework in Frameworks */,
				C23AD11314ECDB65000E132F /* CFNetwork.framework in Frameworks */,
				C23AD11114ECDAAC000E132F /* MobileCoreServices.framework in Frameworks */,
				C23AD10F14ECDA3D000E132F /* AudioToolbox.framework in Frameworks */,
				C2C3F71D14E7456B00922D72 /* MediaPlayer.framework in Frameworks */,
				C2C3F71314E7389E00922D72 /* AVFoundation.framework in Frameworks */,
				DE3F412614E1BB1300B12A5E /* UIKit.framework in Frameworks */,
				DE3F412814E1BB1300B12A5E /* Foundation.framework in Frameworks */,
				DE3F412A14E1BB1300B12A5E /* CoreGraphics.framework in Frameworks */,
				C2F86DFE150970BE0074DC94 /* libfacebook_ios_sdk.a in Frameworks */,
			);
			runOnlyForDeploymentPostprocessing = 0;
		};
/* End PBXFrameworksBuildPhase section */

/* Begin PBXGroup section */
		C2F86DEE150970BE0074DC94 /* Facebook */ = {
			isa = PBXGroup;
			children = (
				C2F86DEF150970BE0074DC94 /* libfacebook_ios_sdk.a */,
				C2F86DF0150970BE0074DC94 /* FBConnect.h */,
				C2F86DF1150970BE0074DC94 /* FBDialog.h */,
				C2F86DF2150970BE0074DC94 /* FBFrictionlessRequestSettings.h */,
				C2F86DF3150970BE0074DC94 /* FBLoginDialog.h */,
				C2F86DF4150970BE0074DC94 /* FBRequest.h */,
				C2F86DF5150970BE0074DC94 /* Facebook.h */,
				C2F86DF6150970BE0074DC94 /* JSON.h */,
				C2F86DF7150970BE0074DC94 /* NSObject+SBJSON.h */,
				C2F86DF8150970BE0074DC94 /* NSString+SBJSON.h */,
				C2F86DF9150970BE0074DC94 /* SBJSON.h */,
				C2F86DFA150970BE0074DC94 /* SBJsonBase.h */,
				C2F86DFB150970BE0074DC94 /* SBJsonParser.h */,
				C2F86DFC150970BE0074DC94 /* SBJsonWriter.h */,
				C2F86DFD150970BE0074DC94 /* FBDialog.bundle */,
			);
			name = Facebook;
			path = "facebook-ios-sdk";
			sourceTree = "<group>";
		};
		DE01552614EFA7B50060CE19 /* ASIRequest */ = {
			isa = PBXGroup;
			children = (
				DE01564B14EFA8A30060CE19 /* Reachability.h */,
				DE01564C14EFA8A30060CE19 /* Reachability.m */,
				DE01562E14EFA8780060CE19 /* ASIAuthenticationDialog.h */,
				DE01562F14EFA8780060CE19 /* ASIAuthenticationDialog.m */,
				DE01563014EFA8780060CE19 /* ASICacheDelegate.h */,
				DE01563114EFA8780060CE19 /* ASIDataCompressor.h */,
				DE01563214EFA8780060CE19 /* ASIDataCompressor.m */,
				DE01563314EFA8780060CE19 /* ASIDataDecompressor.h */,
				DE01563414EFA8780060CE19 /* ASIDataDecompressor.m */,
				DE01563514EFA8780060CE19 /* ASIDownloadCache.h */,
				DE01563614EFA8780060CE19 /* ASIDownloadCache.m */,
				DE01563714EFA8780060CE19 /* ASIFormDataRequest.h */,
				DE01563814EFA8780060CE19 /* ASIFormDataRequest.m */,
				DE01563A14EFA8780060CE19 /* ASIHTTPRequest.h */,
				DE01563B14EFA8780060CE19 /* ASIHTTPRequest.m */,
				DE01563C14EFA8780060CE19 /* ASIHTTPRequestConfig.h */,
				DE01563D14EFA8780060CE19 /* ASIHTTPRequestDelegate.h */,
				DE01563E14EFA8780060CE19 /* ASIInputStream.h */,
				DE01563F14EFA8780060CE19 /* ASIInputStream.m */,
				DE01564014EFA8780060CE19 /* ASINetworkQueue.h */,
				DE01564114EFA8780060CE19 /* ASINetworkQueue.m */,
				DE01564214EFA8780060CE19 /* ASIProgressDelegate.h */,
			);
			name = ASIRequest;
			path = MoombaPlusMobile;
			sourceTree = "<group>";
		};
		DE0B221214F1B9E60079A51B /* Resources */ = {
			isa = PBXGroup;
			children = (
				DEE33B6E14F1BF1C0043C5FA /* Default@2x.png */,
				DEE33B6C14F1BF0B0043C5FA /* Default.png */,
				DEE33B6A14F1BEF30043C5FA /* icon@2x.png */,
				DE0514F014F1BDDD00616788 /* icon.png */,
				DE3F413D14E1BB1400B12A5E /* first.png */,
				DE3F413F14E1BB1400B12A5E /* first@2x.png */,
				DE3F414414E1BB1400B12A5E /* second.png */,
				DE3F414614E1BB1400B12A5E /* second@2x.png */,
			);
			name = Resources;
			sourceTree = "<group>";
		};
		DE242B4C14F17E5400B3F902 /* Views */ = {
			isa = PBXGroup;
			children = (
				DE242B4E14F17E7D00B3F902 /* SingeFeed.h */,
				DE242B4F14F17E7D00B3F902 /* SingeFeed.m */,
				DE242B5114F17F1A00B3F902 /* ManyFeeds.h */,
				DE242B5214F17F1A00B3F902 /* ManyFeeds.m */,
			);
			name = Views;
			sourceTree = "<group>";
		};
		DE3F411614E1BB1300B12A5E = {
			isa = PBXGroup;
			children = (
				DE3F412B14E1BB1300B12A5E /* MoombaPlusMobile */,
				DE01552614EFA7B50060CE19 /* ASIRequest */,
				DEE33B7014F1D4FB0043C5FA /* GDataXML */,
				DE3F412414E1BB1300B12A5E /* Frameworks */,
				DE3F412214E1BB1300B12A5E /* Products */,
			);
			sourceTree = "<group>";
		};
		DE3F412214E1BB1300B12A5E /* Products */ = {
			isa = PBXGroup;
			children = (
				DE3F412114E1BB1300B12A5E /* Moomba+.app */,
			);
			name = Products;
			sourceTree = "<group>";
		};
		DE3F412414E1BB1300B12A5E /* Frameworks */ = {
			isa = PBXGroup;
			children = (
				DE01564E14EFA9450060CE19 /* libz.1.2.5.dylib */,
				DE01565014EFA9550060CE19 /* SystemConfiguration.framework */,
				C23AD11414ECDB96000E132F /* QuartzCore.framework */,
				C23AD11214ECDB65000E132F /* CFNetwork.framework */,
				C23AD11014ECDAAB000E132F /* MobileCoreServices.framework */,
				C23AD10E14ECDA3D000E132F /* AudioToolbox.framework */,
				C2C3F71C14E7456B00922D72 /* MediaPlayer.framework */,
				C2C3F71214E7389E00922D72 /* AVFoundation.framework */,
				DE3F412514E1BB1300B12A5E /* UIKit.framework */,
				DE3F412714E1BB1300B12A5E /* Foundation.framework */,
				DE3F412914E1BB1300B12A5E /* CoreGraphics.framework */,
			);
			name = Frameworks;
			sourceTree = "<group>";
		};
		DE3F412B14E1BB1300B12A5E /* MoombaPlusMobile */ = {
			isa = PBXGroup;
			children = (
				DE3F413714E1BB1400B12A5E /* MainStoryboard.storyboard */,
				DE3F413414E1BB1400B12A5E /* AppDelegate.h */,
				DE3F413514E1BB1400B12A5E /* AppDelegate.m */,
				C2F86DEE150970BE0074DC94 /* Facebook */,
				DEBEC63D14EDD89000FD52E8 /* Models */,
				DE242B4C14F17E5400B3F902 /* Views */,
				DEBEC63E14EDD8B300FD52E8 /* Controllers */,
				DE0B221214F1B9E60079A51B /* Resources */,
				DE3F412C14E1BB1300B12A5E /* Supporting Files */,
			);
			path = MoombaPlusMobile;
			sourceTree = "<group>";
		};
		DE3F412C14E1BB1300B12A5E /* Supporting Files */ = {
			isa = PBXGroup;
			children = (
				DE3F412D14E1BB1300B12A5E /* MoombaPlusMobile-Info.plist */,
				DE3F412E14E1BB1300B12A5E /* InfoPlist.strings */,
				C23AD12014ECE32B000E132F /* main.m */,
				DE3F413314E1BB1400B12A5E /* MoombaPlusMobile-Prefix.pch */,
			);
			name = "Supporting Files";
			sourceTree = "<group>";
		};
		DEBEC63D14EDD89000FD52E8 /* Models */ = {
			isa = PBXGroup;
			children = (
				DEBEC63714EDD83200FD52E8 /* RSSEntry.h */,
				DEBEC63814EDD83200FD52E8 /* RSSEntry.m */,
				DEF7C6B614ECB926000C068C /* RSSEngine.h */,
				DEF7C6B714ECB926000C068C /* RSSEngine.m */,
			);
			name = Models;
			sourceTree = "<group>";
		};
		DEBEC63E14EDD8B300FD52E8 /* Controllers */ = {
			isa = PBXGroup;
			children = (
				C2C3F6FD14E7230600922D72 /* RadioController.h */,
				C2C3F6FE14E7230600922D72 /* RadioController.m */,
				C2C3F70C14E726E300922D72 /* RSSController.h */,
				C2C3F70D14E726E300922D72 /* RSSController.m */,
				C2C3F70914E726CE00922D72 /* IRCController.h */,
				C2C3F70A14E726CF00922D72 /* IRCController.m */,
				C2A3390315004B0500B5DB0D /* MoombaPlusController.h */,
				C2A3390415004B0500B5DB0D /* MoombaPlusController.m */,
			);
			name = Controllers;
			sourceTree = "<group>";
		};
		DEE33B7014F1D4FB0043C5FA /* GDataXML */ = {
			isa = PBXGroup;
			children = (
				DEE33B7114F1DE380043C5FA /* GDataXMLNode.h */,
				DEE33B7214F1DE380043C5FA /* GDataXMLNode.m */,
				DEE33B7414F1E1A90043C5FA /* GDataXMLElement-Extras.h */,
				DEE33B7514F1E1A90043C5FA /* GDataXMLElement-Extras.m */,
			);
			name = GDataXML;
			path = MoombaPlusMobile;
			sourceTree = "<group>";
		};
/* End PBXGroup section */

/* Begin PBXNativeTarget section */
		DE3F412014E1BB1300B12A5E /* Moomba+ */ = {
			isa = PBXNativeTarget;
			buildConfigurationList = DE3F414A14E1BB1400B12A5E /* Build configuration list for PBXNativeTarget "Moomba+" */;
			buildPhases = (
				DE3F411D14E1BB1300B12A5E /* Sources */,
				DE3F411E14E1BB1300B12A5E /* Frameworks */,
				DE3F411F14E1BB1300B12A5E /* Resources */,
			);
			buildRules = (
			);
			dependencies = (
			);
			name = "Moomba+";
			productName = MoombaPlusMobile;
			productReference = DE3F412114E1BB1300B12A5E /* Moomba+.app */;
			productType = "com.apple.product-type.application";
		};
/* End PBXNativeTarget section */

/* Begin PBXProject section */
		DE3F411814E1BB1300B12A5E /* Project object */ = {
			isa = PBXProject;
			attributes = {
				LastUpgradeCheck = 0420;
			};
			buildConfigurationList = DE3F411B14E1BB1300B12A5E /* Build configuration list for PBXProject "MoombaPlusMobile" */;
			compatibilityVersion = "Xcode 3.2";
			developmentRegion = English;
			hasScannedForEncodings = 0;
			knownRegions = (
				en,
				English,
			);
			mainGroup = DE3F411614E1BB1300B12A5E;
			productRefGroup = DE3F412214E1BB1300B12A5E /* Products */;
			projectDirPath = "";
			projectRoot = "";
			targets = (
				DE3F412014E1BB1300B12A5E /* Moomba+ */,
			);
		};
/* End PBXProject section */

/* Begin PBXResourcesBuildPhase section */
		DE3F411F14E1BB1300B12A5E /* Resources */ = {
			isa = PBXResourcesBuildPhase;
			buildActionMask = 2147483647;
			files = (
				DE3F413014E1BB1300B12A5E /* InfoPlist.strings in Resources */,
				DE3F413914E1BB1400B12A5E /* MainStoryboard.storyboard in Resources */,
				DE3F413E14E1BB1400B12A5E /* first.png in Resources */,
				DE3F414014E1BB1400B12A5E /* first@2x.png in Resources */,
				DE3F414514E1BB1400B12A5E /* second.png in Resources */,
				DE3F414714E1BB1400B12A5E /* second@2x.png in Resources */,
				DE0514F114F1BDDD00616788 /* icon.png in Resources */,
				DEE33B6B14F1BEF30043C5FA /* icon@2x.png in Resources */,
				DEE33B6D14F1BF0B0043C5FA /* Default.png in Resources */,
				DEE33B6F14F1BF1C0043C5FA /* Default@2x.png in Resources */,
				C2F86DFF150970BE0074DC94 /* FBDialog.bundle in Resources */,
			);
			runOnlyForDeploymentPostprocessing = 0;
		};
/* End PBXResourcesBuildPhase section */

/* Begin PBXSourcesBuildPhase section */
		DE3F411D14E1BB1300B12A5E /* Sources */ = {
			isa = PBXSourcesBuildPhase;
			buildActionMask = 2147483647;
			files = (
				DE3F413614E1BB1400B12A5E /* AppDelegate.m in Sources */,
				C2C3F6FF14E7230600922D72 /* RadioController.m in Sources */,
				C2C3F70B14E726CF00922D72 /* IRCController.m in Sources */,
				C2C3F70E14E726E300922D72 /* RSSController.m in Sources */,
				C23AD12114ECE32B000E132F /* main.m in Sources */,
				DEF7C6B814ECB926000C068C /* RSSEngine.m in Sources */,
				DEBEC63914EDD83200FD52E8 /* RSSEntry.m in Sources */,
				DE01564314EFA8780060CE19 /* ASIAuthenticationDialog.m in Sources */,
				DE01564414EFA8780060CE19 /* ASIDataCompressor.m in Sources */,
				DE01564514EFA8780060CE19 /* ASIDataDecompressor.m in Sources */,
				DE01564614EFA8780060CE19 /* ASIDownloadCache.m in Sources */,
				DE01564714EFA8780060CE19 /* ASIFormDataRequest.m in Sources */,
				DE01564814EFA8780060CE19 /* ASIHTTPRequest.m in Sources */,
				DE01564914EFA8780060CE19 /* ASIInputStream.m in Sources */,
				DE01564A14EFA8780060CE19 /* ASINetworkQueue.m in Sources */,
				DE01564D14EFA8A30060CE19 /* Reachability.m in Sources */,
				DE242B5014F17E7D00B3F902 /* SingeFeed.m in Sources */,
				DE242B5314F17F1A00B3F902 /* ManyFeeds.m in Sources */,
				DEE33B7314F1DE380043C5FA /* GDataXMLNode.m in Sources */,
				DEE33B7614F1E1A90043C5FA /* GDataXMLElement-Extras.m in Sources */,
				C2A3390515004B0500B5DB0D /* MoombaPlusController.m in Sources */,
			);
			runOnlyForDeploymentPostprocessing = 0;
		};
/* End PBXSourcesBuildPhase section */

/* Begin PBXVariantGroup section */
		DE3F412E14E1BB1300B12A5E /* InfoPlist.strings */ = {
			isa = PBXVariantGroup;
			children = (
				DE3F412F14E1BB1300B12A5E /* en */,
			);
			name = InfoPlist.strings;
			sourceTree = "<group>";
		};
		DE3F413714E1BB1400B12A5E /* MainStoryboard.storyboard */ = {
			isa = PBXVariantGroup;
			children = (
				DE3F413814E1BB1400B12A5E /* en */,
			);
			name = MainStoryboard.storyboard;
			sourceTree = "<group>";
		};
/* End PBXVariantGroup section */

/* Begin XCBuildConfiguration section */
		DE3F414814E1BB1400B12A5E /* Debug */ = {
			isa = XCBuildConfiguration;
			buildSettings = {
				ALWAYS_SEARCH_USER_PATHS = NO;
				ARCHS = "$(ARCHS_STANDARD_32_BIT)";
				CLANG_ENABLE_OBJC_ARC = YES;
				"CODE_SIGN_IDENTITY[sdk=iphoneos*]" = "iPhone Developer";
				COPY_PHASE_STRIP = NO;
				GCC_C_LANGUAGE_STANDARD = gnu99;
				GCC_DYNAMIC_NO_PIC = NO;
				GCC_OPTIMIZATION_LEVEL = 0;
				GCC_PREPROCESSOR_DEFINITIONS = (
					"DEBUG=1",
					"$(inherited)",
				);
				GCC_SYMBOLS_PRIVATE_EXTERN = NO;
				GCC_VERSION = com.apple.compilers.llvm.clang.1_0;
				GCC_WARN_ABOUT_MISSING_PROTOTYPES = YES;
				GCC_WARN_ABOUT_RETURN_TYPE = YES;
				GCC_WARN_UNUSED_VARIABLE = YES;
				HEADER_SEARCH_PATHS = /usr/include/libxml2;
				IPHONEOS_DEPLOYMENT_TARGET = 5.0;
				OTHER_LDFLAGS = "-lxml2";
				SDKROOT = iphoneos;
			};
			name = Debug;
		};
		DE3F414914E1BB1400B12A5E /* Release */ = {
			isa = XCBuildConfiguration;
			buildSettings = {
				ALWAYS_SEARCH_USER_PATHS = NO;
				ARCHS = "$(ARCHS_STANDARD_32_BIT)";
				CLANG_ENABLE_OBJC_ARC = YES;
				"CODE_SIGN_IDENTITY[sdk=iphoneos*]" = "iPhone Developer";
				COPY_PHASE_STRIP = YES;
				GCC_C_LANGUAGE_STANDARD = gnu99;
				GCC_VERSION = com.apple.compilers.llvm.clang.1_0;
				GCC_WARN_ABOUT_MISSING_PROTOTYPES = YES;
				GCC_WARN_ABOUT_RETURN_TYPE = YES;
				GCC_WARN_UNUSED_VARIABLE = YES;
				HEADER_SEARCH_PATHS = /usr/include/libxml2;
				IPHONEOS_DEPLOYMENT_TARGET = 5.0;
				OTHER_CFLAGS = "-DNS_BLOCK_ASSERTIONS=1";
				OTHER_LDFLAGS = "-lxml2";
				SDKROOT = iphoneos;
				VALIDATE_PRODUCT = YES;
			};
			name = Release;
		};
		DE3F414B14E1BB1400B12A5E /* Debug */ = {
			isa = XCBuildConfiguration;
			buildSettings = {
				GCC_PRECOMPILE_PREFIX_HEADER = YES;
				GCC_PREFIX_HEADER = "MoombaPlusMobile/MoombaPlusMobile-Prefix.pch";
				HEADER_SEARCH_PATHS = /usr/include/libxml2;
				INFOPLIST_FILE = "MoombaPlusMobile/MoombaPlusMobile-Info.plist";
				LIBRARY_SEARCH_PATHS = (
					"$(inherited)",
					"\"$(SRCROOT)/MoombaPlusMobile/facebook-ios-sdk\"",
				);
				OTHER_LDFLAGS = "-lxml2";
				PRODUCT_NAME = "$(TARGET_NAME)";
				TARGETED_DEVICE_FAMILY = 1;
				WRAPPER_EXTENSION = app;
			};
			name = Debug;
		};
		DE3F414C14E1BB1400B12A5E /* Release */ = {
			isa = XCBuildConfiguration;
			buildSettings = {
				GCC_PRECOMPILE_PREFIX_HEADER = YES;
				GCC_PREFIX_HEADER = "MoombaPlusMobile/MoombaPlusMobile-Prefix.pch";
				HEADER_SEARCH_PATHS = /usr/include/libxml2;
				INFOPLIST_FILE = "MoombaPlusMobile/MoombaPlusMobile-Info.plist";
				LIBRARY_SEARCH_PATHS = (
					"$(inherited)",
					"\"$(SRCROOT)/MoombaPlusMobile/facebook-ios-sdk\"",
				);
				OTHER_LDFLAGS = "-lxml2";
				PRODUCT_NAME = "$(TARGET_NAME)";
				TARGETED_DEVICE_FAMILY = 1;
				WRAPPER_EXTENSION = app;
			};
			name = Release;
		};
/* End XCBuildConfiguration section */

/* Begin XCConfigurationList section */
		DE3F411B14E1BB1300B12A5E /* Build configuration list for PBXProject "MoombaPlusMobile" */ = {
			isa = XCConfigurationList;
			buildConfigurations = (
				DE3F414814E1BB1400B12A5E /* Debug */,
				DE3F414914E1BB1400B12A5E /* Release */,
			);
			defaultConfigurationIsVisible = 0;
			defaultConfigurationName = Release;
		};
		DE3F414A14E1BB1400B12A5E /* Build configuration list for PBXNativeTarget "Moomba+" */ = {
			isa = XCConfigurationList;
			buildConfigurations = (
				DE3F414B14E1BB1400B12A5E /* Debug */,
				DE3F414C14E1BB1400B12A5E /* Release */,
			);
			defaultConfigurationIsVisible = 0;
			defaultConfigurationName = Release;
		};
/* End XCConfigurationList section */
	};
	rootObject = DE3F411814E1BB1300B12A5E /* Project object */;
}
